
Microsoft Visual Studio Solution File, Format Version 12.00
# Visual Studio Version 16
VisualStudioVersion = 16.0.31005.135
MinimumVisualStudioVersion = 10.0.40219.1
Project("{FAE04EC0-301F-11D3-BF4B-00C04F79EFBC}") = "LB2", "LB2\LB2.csproj", "{2D72AF2D-70E4-4B92-9BBD-11B53874701C}"
EndProject
Global
	GlobalSection(SolutionConfigurationPlatforms) = preSolution
		Debug|Any CPU = Debug|Any CPU
		Release|Any CPU = Release|Any CPU
	EndGlobalSection
	GlobalSection(ProjectConfigurationPlatforms) = postSolution
		{2D72AF2D-70E4-4B92-9BBD-11B53874701C}.Debug|Any CPU.ActiveCfg = Debug|Any CPU
		{2D72AF2D-70E4-4B92-9BBD-11B53874701C}.Debug|Any CPU.Build.0 = Debug|Any CPU
		{2D72AF2D-70E4-4B92-9BBD-11B53874701C}.Release|Any CPU.ActiveCfg = Release|Any CPU
		{2D72AF2D-70E4-4B92-9BBD-11B53874701C}.Release|Any CPU.Build.0 = Release|Any CPU
	EndGlobalSection
	GlobalSection(SolutionProperties) = preSolution
		HideSolutionNode = FALSE
	EndGlobalSection
	GlobalSection(ExtensibilityGlobals) = postSolution
		SolutionGuid = {A870BAC2-5057-4F33-AC7A-881DFF533083}
	EndGlobalSection
EndGlobal
