
Microsoft Visual Studio Solution File, Format Version 12.00
# Visual Studio Version 16
VisualStudioVersion = 16.0.31005.135
MinimumVisualStudioVersion = 10.0.40219.1
Project("{FAE04EC0-301F-11D3-BF4B-00C04F79EFBC}") = "LB1", "LB1\LB1.csproj", "{587799FC-2918-4176-91E3-2E77645D3809}"
EndProject
Global
	GlobalSection(SolutionConfigurationPlatforms) = preSolution
		Debug|Any CPU = Debug|Any CPU
		Release|Any CPU = Release|Any CPU
	EndGlobalSection
	GlobalSection(ProjectConfigurationPlatforms) = postSolution
		{587799FC-2918-4176-91E3-2E77645D3809}.Debug|Any CPU.ActiveCfg = Debug|Any CPU
		{587799FC-2918-4176-91E3-2E77645D3809}.Debug|Any CPU.Build.0 = Debug|Any CPU
		{587799FC-2918-4176-91E3-2E77645D3809}.Release|Any CPU.ActiveCfg = Release|Any CPU
		{587799FC-2918-4176-91E3-2E77645D3809}.Release|Any CPU.Build.0 = Release|Any CPU
	EndGlobalSection
	GlobalSection(SolutionProperties) = preSolution
		HideSolutionNode = FALSE
	EndGlobalSection
	GlobalSection(ExtensibilityGlobals) = postSolution
		SolutionGuid = {8DDE9DA6-49EA-4377-9DA1-D574CE757430}
	EndGlobalSection
EndGlobal
